# This file is automatically @generated by Cargo.
# It is not intended for manual editing.
version = 3

[[package]]
name = "bitflags"
version = "1.2.1"
source = "registry+https://github.com/rust-lang/crates.io-index"
checksum = "cf1de2fe8c75bc145a2f577add951f8134889b4795d47466a54a5c846d691693"

[[package]]
name = "vigem"
version = "0.9.3"
dependencies = [
 "bitflags",
 "vigem-sys",
]

[[package]]
name = "vigem-sys"
version = "1.1.0"
source = "registry+https://github.com/rust-lang/crates.io-index"
checksum = "76ce57f3037d8bd899c33e5f8e34db0c507ee82a7fb6adb6ce5f237dab2b6ac7"
